
Microsoft Visual Studio Solution File, Format Version 12.00
# Visual Studio Version 17
VisualStudioVersion = 17.11.35327.3
MinimumVisualStudioVersion = 10.0.40219.1
Project("{FAE04EC0-301F-11D3-BF4B-00C04F79EFBC}") = "STATCodingExercise", "STATCodingExercise\STATCodingExercise.csproj", "{FD1358A8-971D-4D30-8E82-E584FF0313EF}"
EndProject
Global
	GlobalSection(SolutionConfigurationPlatforms) = preSolution
		Debug|Any CPU = Debug|Any CPU
		Release|Any CPU = Release|Any CPU
	EndGlobalSection
	GlobalSection(ProjectConfigurationPlatforms) = postSolution
		{FD1358A8-971D-4D30-8E82-E584FF0313EF}.Debug|Any CPU.ActiveCfg = Debug|Any CPU
		{FD1358A8-971D-4D30-8E82-E584FF0313EF}.Debug|Any CPU.Build.0 = Debug|Any CPU
		{FD1358A8-971D-4D30-8E82-E584FF0313EF}.Release|Any CPU.ActiveCfg = Release|Any CPU
		{FD1358A8-971D-4D30-8E82-E584FF0313EF}.Release|Any CPU.Build.0 = Release|Any CPU
	EndGlobalSection
	GlobalSection(SolutionProperties) = preSolution
		HideSolutionNode = FALSE
	EndGlobalSection
	GlobalSection(ExtensibilityGlobals) = postSolution
		SolutionGuid = {8ACA3B43-B27A-4C5C-B14A-6B0A1422ACBC}
	EndGlobalSection
EndGlobal
